// !$*UTF8*$!
{
	archiveVersion = 1;
	classes = {
	};
	objectVersion = 60;
	objects = {

/* Begin PBXBuildFile section */
		6B4B149F2EF13D6B0038405E /* AppViewModel in Frameworks */ = {isa = PBXBuildFile; productRef = 6B4B149E2EF13D6B0038405E /* AppViewModel */; };
		6B4B14AB2EF148270038405E /* AppView in Frameworks */ = {isa = PBXBuildFile; productRef = 6B4B14AA2EF148270038405E /* AppView */; };
		6B4B14B22EF14CD30038405E /* DomainRuntime in Frameworks */ = {isa = PBXBuildFile; productRef = 6B4B14B12EF14CD30038405E /* DomainRuntime */; };
		6B4B14B52EF17F310038405E /* PlatformKit.api in Frameworks */ = {isa = PBXBuildFile; productRef = 6B4B14B42EF17F310038405E /* PlatformKit.api */; };
		6B4B14B72EF17F310038405E /* PlatformKit.runtime in Frameworks */ = {isa = PBXBuildFile; productRef = 6B4B14B62EF17F310038405E /* PlatformKit.runtime */; };
		6B6D7DEF2EE6D9FA00B59C01 /* AppDI.swift in Sources */ = {isa = PBXBuildFile; fileRef = 6B6D7DED2EE6D9FA00B59C01 /* AppDI.swift */; };
		6B6D7DF02EE6D9FA00B59C01 /* Coordinator.swift in Sources */ = {isa = PBXBuildFile; fileRef = 6B6D7DEE2EE6D9FA00B59C01 /* Coordinator.swift */; };
		6BB394B32EE3E95300A45141 /* README.md in Resources */ = {isa = PBXBuildFile; fileRef = 6BB394B22EE3E95300A45141 /* README.md */; };
		6BE804DA2AB738E800DAF8B4 /* CameraKitApp.swift in Sources */ = {isa = PBXBuildFile; fileRef = 6BE804D92AB738E800DAF8B4 /* CameraKitApp.swift */; };
		6BE804DE2AB738EB00DAF8B4 /* Assets.xcassets in Resources */ = {isa = PBXBuildFile; fileRef = 6BE804DD2AB738EB00DAF8B4 /* Assets.xcassets */; };
		6BE804E12AB738EB00DAF8B4 /* Preview Assets.xcassets in Resources */ = {isa = PBXBuildFile; fileRef = 6BE804E02AB738EB00DAF8B4 /* Preview Assets.xcassets */; };
		6BE804EB2AB738EB00DAF8B4 /* CameraKitTests.swift in Sources */ = {isa = PBXBuildFile; fileRef = 6BE804EA2AB738EB00DAF8B4 /* CameraKitTests.swift */; };
		6BE804F52AB738EB00DAF8B4 /* CameraKitUITests.swift in Sources */ = {isa = PBXBuildFile; fileRef = 6BE804F42AB738EB00DAF8B4 /* CameraKitUITests.swift */; };
		6BE804F72AB738EB00DAF8B4 /* CameraKitUITestsLaunchTests.swift in Sources */ = {isa = PBXBuildFile; fileRef = 6BE804F62AB738EB00DAF8B4 /* CameraKitUITestsLaunchTests.swift */; };
/* End PBXBuildFile section */

/* Begin PBXContainerItemProxy section */
		6BE804E72AB738EB00DAF8B4 /* PBXContainerItemProxy */ = {
			isa = PBXContainerItemProxy;
			containerPortal = 6BE804CE2AB738E800DAF8B4 /* Project object */;
			proxyType = 1;
			remoteGlobalIDString = 6BE804D52AB738E800DAF8B4;
			remoteInfo = CameraKit;
		};
		6BE804F12AB738EB00DAF8B4 /* PBXContainerItemProxy */ = {
			isa = PBXContainerItemProxy;
			containerPortal = 6BE804CE2AB738E800DAF8B4 /* Project object */;
			proxyType = 1;
			remoteGlobalIDString = 6BE804D52AB738E800DAF8B4;
			remoteInfo = CameraKit;
		};
/* End PBXContainerItemProxy section */

/* Begin PBXCopyFilesBuildPhase section */
		6B6D7DFF2EE705C900B59C01 /* CopyFiles */ = {
			isa = PBXCopyFilesBuildPhase;
			buildActionMask = 2147483647;
			dstPath = "";
			dstSubfolderSpec = 7;
			files = (
			);
			runOnlyForDeploymentPostprocessing = 0;
		};
/* End PBXCopyFilesBuildPhase section */

/* Begin PBXFileReference section */
		6B6D7DED2EE6D9FA00B59C01 /* AppDI.swift */ = {isa = PBXFileReference; lastKnownFileType = sourcecode.swift; path = AppDI.swift; sourceTree = "<group>"; };
		6B6D7DEE2EE6D9FA00B59C01 /* Coordinator.swift */ = {isa = PBXFileReference; lastKnownFileType = sourcecode.swift; path = Coordinator.swift; sourceTree = "<group>"; };
		6BB394B22EE3E95300A45141 /* README.md */ = {isa = PBXFileReference; lastKnownFileType = net.daringfireball.markdown; name = README.md; path = ../README.md; sourceTree = SOURCE_ROOT; };
		6BE804D62AB738E800DAF8B4 /* CameraKit.app */ = {isa = PBXFileReference; explicitFileType = wrapper.application; includeInIndex = 0; path = CameraKit.app; sourceTree = BUILT_PRODUCTS_DIR; };
		6BE804D92AB738E800DAF8B4 /* CameraKitApp.swift */ = {isa = PBXFileReference; lastKnownFileType = sourcecode.swift; path = CameraKitApp.swift; sourceTree = "<group>"; };
		6BE804DD2AB738EB00DAF8B4 /* Assets.xcassets */ = {isa = PBXFileReference; lastKnownFileType = folder.assetcatalog; path = Assets.xcassets; sourceTree = "<group>"; };
		6BE804E02AB738EB00DAF8B4 /* Preview Assets.xcassets */ = {isa = PBXFileReference; lastKnownFileType = folder.assetcatalog; path = "Preview Assets.xcassets"; sourceTree = "<group>"; };
		6BE804E62AB738EB00DAF8B4 /* CameraKitTests.xctest */ = {isa = PBXFileReference; explicitFileType = wrapper.cfbundle; includeInIndex = 0; path = CameraKitTests.xctest; sourceTree = BUILT_PRODUCTS_DIR; };
		6BE804EA2AB738EB00DAF8B4 /* CameraKitTests.swift */ = {isa = PBXFileReference; lastKnownFileType = sourcecode.swift; path = CameraKitTests.swift; sourceTree = "<group>"; };
		6BE804F02AB738EB00DAF8B4 /* CameraKitUITests.xctest */ = {isa = PBXFileReference; explicitFileType = wrapper.cfbundle; includeInIndex = 0; path = CameraKitUITests.xctest; sourceTree = BUILT_PRODUCTS_DIR; };
		6BE804F42AB738EB00DAF8B4 /* CameraKitUITests.swift */ = {isa = PBXFileReference; lastKnownFileType = sourcecode.swift; path = CameraKitUITests.swift; sourceTree = "<group>"; };
		6BE804F62AB738EB00DAF8B4 /* CameraKitUITestsLaunchTests.swift */ = {isa = PBXFileReference; lastKnownFileType = sourcecode.swift; path = CameraKitUITestsLaunchTests.swift; sourceTree = "<group>"; };
		6BE805192AB752F500DAF8B4 /* Info.plist */ = {isa = PBXFileReference; lastKnownFileType = text.plist; path = Info.plist; sourceTree = "<group>"; };
/* End PBXFileReference section */

/* Begin PBXFrameworksBuildPhase section */
		6BE804D32AB738E800DAF8B4 /* Frameworks */ = {
			isa = PBXFrameworksBuildPhase;
			buildActionMask = 2147483647;
			files = (
				6B4B14B52EF17F310038405E /* PlatformKit.api in Frameworks */,
				6B4B14B22EF14CD30038405E /* DomainRuntime in Frameworks */,
				6B4B149F2EF13D6B0038405E /* AppViewModel in Frameworks */,
				6B4B14B72EF17F310038405E /* PlatformKit.runtime in Frameworks */,
				6B4B14AB2EF148270038405E /* AppView in Frameworks */,
			);
			runOnlyForDeploymentPostprocessing = 0;
		};
		6BE804E32AB738EB00DAF8B4 /* Frameworks */ = {
			isa = PBXFrameworksBuildPhase;
			buildActionMask = 2147483647;
			files = (
			);
			runOnlyForDeploymentPostprocessing = 0;
		};
		6BE804ED2AB738EB00DAF8B4 /* Frameworks */ = {
			isa = PBXFrameworksBuildPhase;
			buildActionMask = 2147483647;
			files = (
			);
			runOnlyForDeploymentPostprocessing = 0;
		};
/* End PBXFrameworksBuildPhase section */

/* Begin PBXGroup section */
		6B4B14922EF138F90038405E /* Frameworks */ = {
			isa = PBXGroup;
			children = (
			);
			name = Frameworks;
			sourceTree = "<group>";
		};
		6B4BC29D2AE3C17D00A70B3D /* SupportFile */ = {
			isa = PBXGroup;
			children = (
			);
			path = SupportFile;
			sourceTree = "<group>";
		};
		6BB394B52EE3FD9E00A45141 /* App */ = {
			isa = PBXGroup;
			children = (
				6BE804D92AB738E800DAF8B4 /* CameraKitApp.swift */,
				6B6D7DEE2EE6D9FA00B59C01 /* Coordinator.swift */,
				6B6D7DED2EE6D9FA00B59C01 /* AppDI.swift */,
			);
			path = App;
			sourceTree = "<group>";
		};
		6BE804CD2AB738E800DAF8B4 = {
			isa = PBXGroup;
			children = (
				6BE804D82AB738E800DAF8B4 /* CameraKit */,
				6BE804E92AB738EB00DAF8B4 /* CameraKitTests */,
				6BE804F32AB738EB00DAF8B4 /* CameraKitUITests */,
				6B4B14922EF138F90038405E /* Frameworks */,
				6BE804D72AB738E800DAF8B4 /* Products */,
			);
			sourceTree = "<group>";
		};
		6BE804D72AB738E800DAF8B4 /* Products */ = {
			isa = PBXGroup;
			children = (
				6BE804D62AB738E800DAF8B4 /* CameraKit.app */,
				6BE804E62AB738EB00DAF8B4 /* CameraKitTests.xctest */,
				6BE804F02AB738EB00DAF8B4 /* CameraKitUITests.xctest */,
			);
			name = Products;
			sourceTree = "<group>";
		};
		6BE804D82AB738E800DAF8B4 /* CameraKit */ = {
			isa = PBXGroup;
			children = (
				6BB394B52EE3FD9E00A45141 /* App */,
				6BB394B22EE3E95300A45141 /* README.md */,
				6BE805192AB752F500DAF8B4 /* Info.plist */,
				6B4BC29D2AE3C17D00A70B3D /* SupportFile */,
				6BE804DD2AB738EB00DAF8B4 /* Assets.xcassets */,
				6BE804DF2AB738EB00DAF8B4 /* Preview Content */,
			);
			path = CameraKit;
			sourceTree = "<group>";
		};
		6BE804DF2AB738EB00DAF8B4 /* Preview Content */ = {
			isa = PBXGroup;
			children = (
				6BE804E02AB738EB00DAF8B4 /* Preview Assets.xcassets */,
			);
			path = "Preview Content";
			sourceTree = "<group>";
		};
		6BE804E92AB738EB00DAF8B4 /* CameraKitTests */ = {
			isa = PBXGroup;
			children = (
				6BE804EA2AB738EB00DAF8B4 /* CameraKitTests.swift */,
			);
			path = CameraKitTests;
			sourceTree = "<group>";
		};
		6BE804F32AB738EB00DAF8B4 /* CameraKitUITests */ = {
			isa = PBXGroup;
			children = (
				6BE804F42AB738EB00DAF8B4 /* CameraKitUITests.swift */,
				6BE804F62AB738EB00DAF8B4 /* CameraKitUITestsLaunchTests.swift */,
			);
			path = CameraKitUITests;
			sourceTree = "<group>";
		};
/* End PBXGroup section */

/* Begin PBXNativeTarget section */
		6BE804D52AB738E800DAF8B4 /* CameraKit */ = {
			isa = PBXNativeTarget;
			buildConfigurationList = 6BE804FA2AB738EB00DAF8B4 /* Build configuration list for PBXNativeTarget "CameraKit" */;
			buildPhases = (
				6BE804D22AB738E800DAF8B4 /* Sources */,
				6BE804D32AB738E800DAF8B4 /* Frameworks */,
				6BE804D42AB738E800DAF8B4 /* Resources */,
				6B6D7DFF2EE705C900B59C01 /* CopyFiles */,
			);
			buildRules = (
			);
			dependencies = (
			);
			name = CameraKit;
			productName = CameraKit;
			productReference = 6BE804D62AB738E800DAF8B4 /* CameraKit.app */;
			productType = "com.apple.product-type.application";
		};
		6BE804E52AB738EB00DAF8B4 /* CameraKitTests */ = {
			isa = PBXNativeTarget;
			buildConfigurationList = 6BE804FD2AB738EB00DAF8B4 /* Build configuration list for PBXNativeTarget "CameraKitTests" */;
			buildPhases = (
				6BE804E22AB738EB00DAF8B4 /* Sources */,
				6BE804E32AB738EB00DAF8B4 /* Frameworks */,
				6BE804E42AB738EB00DAF8B4 /* Resources */,
			);
			buildRules = (
			);
			dependencies = (
				6BE804E82AB738EB00DAF8B4 /* PBXTargetDependency */,
			);
			name = CameraKitTests;
			productName = CameraKitTests;
			productReference = 6BE804E62AB738EB00DAF8B4 /* CameraKitTests.xctest */;
			productType = "com.apple.product-type.bundle.unit-test";
		};
		6BE804EF2AB738EB00DAF8B4 /* CameraKitUITests */ = {
			isa = PBXNativeTarget;
			buildConfigurationList = 6BE805002AB738EB00DAF8B4 /* Build configuration list for PBXNativeTarget "CameraKitUITests" */;
			buildPhases = (
				6BE804EC2AB738EB00DAF8B4 /* Sources */,
				6BE804ED2AB738EB00DAF8B4 /* Frameworks */,
				6BE804EE2AB738EB00DAF8B4 /* Resources */,
			);
			buildRules = (
			);
			dependencies = (
				6BE804F22AB738EB00DAF8B4 /* PBXTargetDependency */,
			);
			name = CameraKitUITests;
			productName = CameraKitUITests;
			productReference = 6BE804F02AB738EB00DAF8B4 /* CameraKitUITests.xctest */;
			productType = "com.apple.product-type.bundle.ui-testing";
		};
/* End PBXNativeTarget section */

/* Begin PBXProject section */
		6BE804CE2AB738E800DAF8B4 /* Project object */ = {
			isa = PBXProject;
			attributes = {
				BuildIndependentTargetsInParallel = 1;
				LastSwiftUpdateCheck = 1500;
				LastUpgradeCheck = 1500;
				TargetAttributes = {
					6BE804D52AB738E800DAF8B4 = {
						CreatedOnToolsVersion = 15.0;
					};
					6BE804E52AB738EB00DAF8B4 = {
						CreatedOnToolsVersion = 15.0;
						TestTargetID = 6BE804D52AB738E800DAF8B4;
					};
					6BE804EF2AB738EB00DAF8B4 = {
						CreatedOnToolsVersion = 15.0;
						TestTargetID = 6BE804D52AB738E800DAF8B4;
					};
				};
			};
			buildConfigurationList = 6BE804D12AB738E800DAF8B4 /* Build configuration list for PBXProject "CameraKit" */;
			compatibilityVersion = "Xcode 14.0";
			developmentRegion = en;
			hasScannedForEncodings = 0;
			knownRegions = (
				en,
				Base,
			);
			mainGroup = 6BE804CD2AB738E800DAF8B4;
			packageReferences = (
				6B4B14A92EF148270038405E /* XCLocalSwiftPackageReference "FeatureKit" */,
				6B4B14AE2EF148360038405E /* XCLocalSwiftPackageReference "DomainKit/DomainRuntime" */,
				6B4B14B32EF17F310038405E /* XCLocalSwiftPackageReference "PlatformKit" */,
			);
			productRefGroup = 6BE804D72AB738E800DAF8B4 /* Products */;
			projectDirPath = "";
			projectRoot = "";
			targets = (
				6BE804D52AB738E800DAF8B4 /* CameraKit */,
				6BE804E52AB738EB00DAF8B4 /* CameraKitTests */,
				6BE804EF2AB738EB00DAF8B4 /* CameraKitUITests */,
			);
		};
/* End PBXProject section */

/* Begin PBXResourcesBuildPhase section */
		6BE804D42AB738E800DAF8B4 /* Resources */ = {
			isa = PBXResourcesBuildPhase;
			buildActionMask = 2147483647;
			files = (
				6BB394B32EE3E95300A45141 /* README.md in Resources */,
				6BE804E12AB738EB00DAF8B4 /* Preview Assets.xcassets in Resources */,
				6BE804DE2AB738EB00DAF8B4 /* Assets.xcassets in Resources */,
			);
			runOnlyForDeploymentPostprocessing = 0;
		};
		6BE804E42AB738EB00DAF8B4 /* Resources */ = {
			isa = PBXResourcesBuildPhase;
			buildActionMask = 2147483647;
			files = (
			);
			runOnlyForDeploymentPostprocessing = 0;
		};
		6BE804EE2AB738EB00DAF8B4 /* Resources */ = {
			isa = PBXResourcesBuildPhase;
			buildActionMask = 2147483647;
			files = (
			);
			runOnlyForDeploymentPostprocessing = 0;
		};
/* End PBXResourcesBuildPhase section */

/* Begin PBXSourcesBuildPhase section */
		6BE804D22AB738E800DAF8B4 /* Sources */ = {
			isa = PBXSourcesBuildPhase;
			buildActionMask = 2147483647;
			files = (
				6B6D7DEF2EE6D9FA00B59C01 /* AppDI.swift in Sources */,
				6B6D7DF02EE6D9FA00B59C01 /* Coordinator.swift in Sources */,
				6BE804DA2AB738E800DAF8B4 /* CameraKitApp.swift in Sources */,
			);
			runOnlyForDeploymentPostprocessing = 0;
		};
		6BE804E22AB738EB00DAF8B4 /* Sources */ = {
			isa = PBXSourcesBuildPhase;
			buildActionMask = 2147483647;
			files = (
				6BE804EB2AB738EB00DAF8B4 /* CameraKitTests.swift in Sources */,
			);
			runOnlyForDeploymentPostprocessing = 0;
		};
		6BE804EC2AB738EB00DAF8B4 /* Sources */ = {
			isa = PBXSourcesBuildPhase;
			buildActionMask = 2147483647;
			files = (
				6BE804F72AB738EB00DAF8B4 /* CameraKitUITestsLaunchTests.swift in Sources */,
				6BE804F52AB738EB00DAF8B4 /* CameraKitUITests.swift in Sources */,
			);
			runOnlyForDeploymentPostprocessing = 0;
		};
/* End PBXSourcesBuildPhase section */

/* Begin PBXTargetDependency section */
		6BE804E82AB738EB00DAF8B4 /* PBXTargetDependency */ = {
			isa = PBXTargetDependency;
			target = 6BE804D52AB738E800DAF8B4 /* CameraKit */;
			targetProxy = 6BE804E72AB738EB00DAF8B4 /* PBXContainerItemProxy */;
		};
		6BE804F22AB738EB00DAF8B4 /* PBXTargetDependency */ = {
			isa = PBXTargetDependency;
			target = 6BE804D52AB738E800DAF8B4 /* CameraKit */;
			targetProxy = 6BE804F12AB738EB00DAF8B4 /* PBXContainerItemProxy */;
		};
/* End PBXTargetDependency section */

/* Begin XCBuildConfiguration section */
		6BE804F82AB738EB00DAF8B4 /* Debug */ = {
			isa = XCBuildConfiguration;
			buildSettings = {
				ALWAYS_SEARCH_USER_PATHS = NO;
				ASSETCATALOG_COMPILER_GENERATE_SWIFT_ASSET_SYMBOL_EXTENSIONS = YES;
				CLANG_ANALYZER_NONNULL = YES;
				CLANG_ANALYZER_NUMBER_OBJECT_CONVERSION = YES_AGGRESSIVE;
				CLANG_CXX_LANGUAGE_STANDARD = "gnu++20";
				CLANG_ENABLE_MODULES = YES;
				CLANG_ENABLE_OBJC_ARC = YES;
				CLANG_ENABLE_OBJC_WEAK = YES;
				CLANG_WARN_BLOCK_CAPTURE_AUTORELEASING = YES;
				CLANG_WARN_BOOL_CONVERSION = YES;
				CLANG_WARN_COMMA = YES;
				CLANG_WARN_CONSTANT_CONVERSION = YES;
				CLANG_WARN_DEPRECATED_OBJC_IMPLEMENTATIONS = YES;
				CLANG_WARN_DIRECT_OBJC_ISA_USAGE = YES_ERROR;
				CLANG_WARN_DOCUMENTATION_COMMENTS = YES;
				CLANG_WARN_EMPTY_BODY = YES;
				CLANG_WARN_ENUM_CONVERSION = YES;
				CLANG_WARN_INFINITE_RECURSION = YES;
				CLANG_WARN_INT_CONVERSION = YES;
				CLANG_WARN_NON_LITERAL_NULL_CONVERSION = YES;
				CLANG_WARN_OBJC_IMPLICIT_RETAIN_SELF = YES;
				CLANG_WARN_OBJC_LITERAL_CONVERSION = YES;
				CLANG_WARN_OBJC_ROOT_CLASS = YES_ERROR;
				CLANG_WARN_QUOTED_INCLUDE_IN_FRAMEWORK_HEADER = YES;
				CLANG_WARN_RANGE_LOOP_ANALYSIS = YES;
				CLANG_WARN_STRICT_PROTOTYPES = YES;
				CLANG_WARN_SUSPICIOUS_MOVE = YES;
				CLANG_WARN_UNGUARDED_AVAILABILITY = YES_AGGRESSIVE;
				CLANG_WARN_UNREACHABLE_CODE = YES;
				CLANG_WARN__DUPLICATE_METHOD_MATCH = YES;
				COPY_PHASE_STRIP = NO;
				DEBUG_INFORMATION_FORMAT = dwarf;
				ENABLE_STRICT_OBJC_MSGSEND = YES;
				ENABLE_TESTABILITY = YES;
				ENABLE_USER_SCRIPT_SANDBOXING = YES;
				GCC_C_LANGUAGE_STANDARD = gnu17;
				GCC_DYNAMIC_NO_PIC = NO;
				GCC_NO_COMMON_BLOCKS = YES;
				GCC_OPTIMIZATION_LEVEL = 0;
				GCC_PREPROCESSOR_DEFINITIONS = (
					"DEBUG=1",
					"$(inherited)",
				);
				GCC_WARN_64_TO_32_BIT_CONVERSION = YES;
				GCC_WARN_ABOUT_RETURN_TYPE = YES_ERROR;
				GCC_WARN_UNDECLARED_SELECTOR = YES;
				GCC_WARN_UNINITIALIZED_AUTOS = YES_AGGRESSIVE;
				GCC_WARN_UNUSED_FUNCTION = YES;
				GCC_WARN_UNUSED_VARIABLE = YES;
				IPHONEOS_DEPLOYMENT_TARGET = 17.0;
				LOCALIZATION_PREFERS_STRING_CATALOGS = YES;
				MTL_ENABLE_DEBUG_INFO = INCLUDE_SOURCE;
				MTL_FAST_MATH = YES;
				ONLY_ACTIVE_ARCH = YES;
				SDKROOT = iphoneos;
				SWIFT_ACTIVE_COMPILATION_CONDITIONS = "DEBUG $(inherited)";
				SWIFT_OPTIMIZATION_LEVEL = "-Onone";
			};
			name = Debug;
		};
		6BE804F92AB738EB00DAF8B4 /* Release */ = {
			isa = XCBuildConfiguration;
			buildSettings = {
				ALWAYS_SEARCH_USER_PATHS = NO;
				ASSETCATALOG_COMPILER_GENERATE_SWIFT_ASSET_SYMBOL_EXTENSIONS = YES;
				CLANG_ANALYZER_NONNULL = YES;
				CLANG_ANALYZER_NUMBER_OBJECT_CONVERSION = YES_AGGRESSIVE;
				CLANG_CXX_LANGUAGE_STANDARD = "gnu++20";
				CLANG_ENABLE_MODULES = YES;
				CLANG_ENABLE_OBJC_ARC = YES;
				CLANG_ENABLE_OBJC_WEAK = YES;
				CLANG_WARN_BLOCK_CAPTURE_AUTORELEASING = YES;
				CLANG_WARN_BOOL_CONVERSION = YES;
				CLANG_WARN_COMMA = YES;
				CLANG_WARN_CONSTANT_CONVERSION = YES;
				CLANG_WARN_DEPRECATED_OBJC_IMPLEMENTATIONS = YES;
				CLANG_WARN_DIRECT_OBJC_ISA_USAGE = YES_ERROR;
				CLANG_WARN_DOCUMENTATION_COMMENTS = YES;
				CLANG_WARN_EMPTY_BODY = YES;
				CLANG_WARN_ENUM_CONVERSION = YES;
				CLANG_WARN_INFINITE_RECURSION = YES;
				CLANG_WARN_INT_CONVERSION = YES;
				CLANG_WARN_NON_LITERAL_NULL_CONVERSION = YES;
				CLANG_WARN_OBJC_IMPLICIT_RETAIN_SELF = YES;
				CLANG_WARN_OBJC_LITERAL_CONVERSION = YES;
				CLANG_WARN_OBJC_ROOT_CLASS = YES_ERROR;
				CLANG_WARN_QUOTED_INCLUDE_IN_FRAMEWORK_HEADER = YES;
				CLANG_WARN_RANGE_LOOP_ANALYSIS = YES;
				CLANG_WARN_STRICT_PROTOTYPES = YES;
				CLANG_WARN_SUSPICIOUS_MOVE = YES;
				CLANG_WARN_UNGUARDED_AVAILABILITY = YES_AGGRESSIVE;
				CLANG_WARN_UNREACHABLE_CODE = YES;
				CLANG_WARN__DUPLICATE_METHOD_MATCH = YES;
				COPY_PHASE_STRIP = NO;
				DEBUG_INFORMATION_FORMAT = "dwarf-with-dsym";
				ENABLE_NS_ASSERTIONS = NO;
				ENABLE_STRICT_OBJC_MSGSEND = YES;
				ENABLE_USER_SCRIPT_SANDBOXING = YES;
				GCC_C_LANGUAGE_STANDARD = gnu17;
				GCC_NO_COMMON_BLOCKS = YES;
				GCC_WARN_64_TO_32_BIT_CONVERSION = YES;
				GCC_WARN_ABOUT_RETURN_TYPE = YES_ERROR;
				GCC_WARN_UNDECLARED_SELECTOR = YES;
				GCC_WARN_UNINITIALIZED_AUTOS = YES_AGGRESSIVE;
				GCC_WARN_UNUSED_FUNCTION = YES;
				GCC_WARN_UNUSED_VARIABLE = YES;
				IPHONEOS_DEPLOYMENT_TARGET = 17.0;
				LOCALIZATION_PREFERS_STRING_CATALOGS = YES;
				MTL_ENABLE_DEBUG_INFO = NO;
				MTL_FAST_MATH = YES;
				SDKROOT = iphoneos;
				SWIFT_COMPILATION_MODE = wholemodule;
				VALIDATE_PRODUCT = YES;
			};
			name = Release;
		};
		6BE804FB2AB738EB00DAF8B4 /* Debug */ = {
			isa = XCBuildConfiguration;
			buildSettings = {
				ASSETCATALOG_COMPILER_APPICON_NAME = AppIcon;
				ASSETCATALOG_COMPILER_GLOBAL_ACCENT_COLOR_NAME = AccentColor;
				CODE_SIGN_IDENTITY = "Apple Development";
				CODE_SIGN_STYLE = Automatic;
				CURRENT_PROJECT_VERSION = 1;
				DEVELOPMENT_ASSET_PATHS = "\"CameraKit/Preview Content\"";
				DEVELOPMENT_TEAM = 9FQKR88J39;
				ENABLE_PREVIEWS = YES;
				GENERATE_INFOPLIST_FILE = YES;
				INFOPLIST_FILE = CameraKit/Info.plist;
				INFOPLIST_KEY_UIApplicationSceneManifest_Generation = YES;
				INFOPLIST_KEY_UIApplicationSupportsIndirectInputEvents = YES;
				INFOPLIST_KEY_UILaunchScreen_Generation = YES;
				INFOPLIST_KEY_UISupportedInterfaceOrientations_iPad = "UIInterfaceOrientationPortrait UIInterfaceOrientationPortraitUpsideDown UIInterfaceOrientationLandscapeLeft UIInterfaceOrientationLandscapeRight";
				INFOPLIST_KEY_UISupportedInterfaceOrientations_iPhone = "UIInterfaceOrientationPortrait UIInterfaceOrientationLandscapeLeft UIInterfaceOrientationLandscapeRight";
				IPHONEOS_DEPLOYMENT_TARGET = 18.6;
				LD_RUNPATH_SEARCH_PATHS = (
					"$(inherited)",
					"@executable_path/Frameworks",
				);
				MARKETING_VERSION = 1.0;
				PRODUCT_BUNDLE_IDENTIFIER = www.abhiraj.com.CameraKit;
				PRODUCT_NAME = "$(TARGET_NAME)";
				PROVISIONING_PROFILE_SPECIFIER = "";
				SWIFT_EMIT_LOC_STRINGS = YES;
				SWIFT_VERSION = 5.0;
				TARGETED_DEVICE_FAMILY = "1,2";
			};
			name = Debug;
		};
		6BE804FC2AB738EB00DAF8B4 /* Release */ = {
			isa = XCBuildConfiguration;
			buildSettings = {
				ASSETCATALOG_COMPILER_APPICON_NAME = AppIcon;
				ASSETCATALOG_COMPILER_GLOBAL_ACCENT_COLOR_NAME = AccentColor;
				CODE_SIGN_STYLE = Automatic;
				CURRENT_PROJECT_VERSION = 1;
				DEVELOPMENT_ASSET_PATHS = "\"CameraKit/Preview Content\"";
				ENABLE_PREVIEWS = YES;
				GENERATE_INFOPLIST_FILE = YES;
				INFOPLIST_FILE = CameraKit/Info.plist;
				INFOPLIST_KEY_UIApplicationSceneManifest_Generation = YES;
				INFOPLIST_KEY_UIApplicationSupportsIndirectInputEvents = YES;
				INFOPLIST_KEY_UILaunchScreen_Generation = YES;
				INFOPLIST_KEY_UISupportedInterfaceOrientations_iPad = "UIInterfaceOrientationPortrait UIInterfaceOrientationPortraitUpsideDown UIInterfaceOrientationLandscapeLeft UIInterfaceOrientationLandscapeRight";
				INFOPLIST_KEY_UISupportedInterfaceOrientations_iPhone = "UIInterfaceOrientationPortrait UIInterfaceOrientationLandscapeLeft UIInterfaceOrientationLandscapeRight";
				IPHONEOS_DEPLOYMENT_TARGET = 18.6;
				LD_RUNPATH_SEARCH_PATHS = (
					"$(inherited)",
					"@executable_path/Frameworks",
				);
				MARKETING_VERSION = 1.0;
				PRODUCT_BUNDLE_IDENTIFIER = www.abhiraj.com.CameraKit;
				PRODUCT_NAME = "$(TARGET_NAME)";
				SWIFT_EMIT_LOC_STRINGS = YES;
				SWIFT_VERSION = 5.0;
				TARGETED_DEVICE_FAMILY = "1,2";
			};
			name = Release;
		};
		6BE804FE2AB738EB00DAF8B4 /* Debug */ = {
			isa = XCBuildConfiguration;
			buildSettings = {
				ALWAYS_EMBED_SWIFT_STANDARD_LIBRARIES = YES;
				BUNDLE_LOADER = "$(TEST_HOST)";
				CODE_SIGN_STYLE = Automatic;
				CURRENT_PROJECT_VERSION = 1;
				GENERATE_INFOPLIST_FILE = YES;
				IPHONEOS_DEPLOYMENT_TARGET = 17.0;
				MARKETING_VERSION = 1.0;
				PRODUCT_BUNDLE_IDENTIFIER = www.abhiraj.com.CameraKitTests;
				PRODUCT_NAME = "$(TARGET_NAME)";
				SWIFT_EMIT_LOC_STRINGS = NO;
				SWIFT_VERSION = 5.0;
				TARGETED_DEVICE_FAMILY = "1,2";
				TEST_HOST = "$(BUILT_PRODUCTS_DIR)/CameraKit.app/$(BUNDLE_EXECUTABLE_FOLDER_PATH)/CameraKit";
			};
			name = Debug;
		};
		6BE804FF2AB738EB00DAF8B4 /* Release */ = {
			isa = XCBuildConfiguration;
			buildSettings = {
				ALWAYS_EMBED_SWIFT_STANDARD_LIBRARIES = YES;
				BUNDLE_LOADER = "$(TEST_HOST)";
				CODE_SIGN_STYLE = Automatic;
				CURRENT_PROJECT_VERSION = 1;
				GENERATE_INFOPLIST_FILE = YES;
				IPHONEOS_DEPLOYMENT_TARGET = 17.0;
				MARKETING_VERSION = 1.0;
				PRODUCT_BUNDLE_IDENTIFIER = www.abhiraj.com.CameraKitTests;
				PRODUCT_NAME = "$(TARGET_NAME)";
				SWIFT_EMIT_LOC_STRINGS = NO;
				SWIFT_VERSION = 5.0;
				TARGETED_DEVICE_FAMILY = "1,2";
				TEST_HOST = "$(BUILT_PRODUCTS_DIR)/CameraKit.app/$(BUNDLE_EXECUTABLE_FOLDER_PATH)/CameraKit";
			};
			name = Release;
		};
		6BE805012AB738EB00DAF8B4 /* Debug */ = {
			isa = XCBuildConfiguration;
			buildSettings = {
				ALWAYS_EMBED_SWIFT_STANDARD_LIBRARIES = YES;
				CODE_SIGN_STYLE = Automatic;
				CURRENT_PROJECT_VERSION = 1;
				GENERATE_INFOPLIST_FILE = YES;
				MARKETING_VERSION = 1.0;
				PRODUCT_BUNDLE_IDENTIFIER = www.abhiraj.com.CameraKitUITests;
				PRODUCT_NAME = "$(TARGET_NAME)";
				SWIFT_EMIT_LOC_STRINGS = NO;
				SWIFT_VERSION = 5.0;
				TARGETED_DEVICE_FAMILY = "1,2";
				TEST_TARGET_NAME = CameraKit;
			};
			name = Debug;
		};
		6BE805022AB738EB00DAF8B4 /* Release */ = {
			isa = XCBuildConfiguration;
			buildSettings = {
				ALWAYS_EMBED_SWIFT_STANDARD_LIBRARIES = YES;
				CODE_SIGN_STYLE = Automatic;
				CURRENT_PROJECT_VERSION = 1;
				GENERATE_INFOPLIST_FILE = YES;
				MARKETING_VERSION = 1.0;
				PRODUCT_BUNDLE_IDENTIFIER = www.abhiraj.com.CameraKitUITests;
				PRODUCT_NAME = "$(TARGET_NAME)";
				SWIFT_EMIT_LOC_STRINGS = NO;
				SWIFT_VERSION = 5.0;
				TARGETED_DEVICE_FAMILY = "1,2";
				TEST_TARGET_NAME = CameraKit;
			};
			name = Release;
		};
/* End XCBuildConfiguration section */

/* Begin XCConfigurationList section */
		6BE804D12AB738E800DAF8B4 /* Build configuration list for PBXProject "CameraKit" */ = {
			isa = XCConfigurationList;
			buildConfigurations = (
				6BE804F82AB738EB00DAF8B4 /* Debug */,
				6BE804F92AB738EB00DAF8B4 /* Release */,
			);
			defaultConfigurationIsVisible = 0;
			defaultConfigurationName = Release;
		};
		6BE804FA2AB738EB00DAF8B4 /* Build configuration list for PBXNativeTarget "CameraKit" */ = {
			isa = XCConfigurationList;
			buildConfigurations = (
				6BE804FB2AB738EB00DAF8B4 /* Debug */,
				6BE804FC2AB738EB00DAF8B4 /* Release */,
			);
			defaultConfigurationIsVisible = 0;
			defaultConfigurationName = Release;
		};
		6BE804FD2AB738EB00DAF8B4 /* Build configuration list for PBXNativeTarget "CameraKitTests" */ = {
			isa = XCConfigurationList;
			buildConfigurations = (
				6BE804FE2AB738EB00DAF8B4 /* Debug */,
				6BE804FF2AB738EB00DAF8B4 /* Release */,
			);
			defaultConfigurationIsVisible = 0;
			defaultConfigurationName = Release;
		};
		6BE805002AB738EB00DAF8B4 /* Build configuration list for PBXNativeTarget "CameraKitUITests" */ = {
			isa = XCConfigurationList;
			buildConfigurations = (
				6BE805012AB738EB00DAF8B4 /* Debug */,
				6BE805022AB738EB00DAF8B4 /* Release */,
			);
			defaultConfigurationIsVisible = 0;
			defaultConfigurationName = Release;
		};
/* End XCConfigurationList section */

/* Begin XCLocalSwiftPackageReference section */
		6B4B14A92EF148270038405E /* XCLocalSwiftPackageReference "FeatureKit" */ = {
			isa = XCLocalSwiftPackageReference;
			relativePath = FeatureKit;
		};
		6B4B14AE2EF148360038405E /* XCLocalSwiftPackageReference "DomainKit/DomainRuntime" */ = {
			isa = XCLocalSwiftPackageReference;
			relativePath = DomainKit/DomainRuntime;
		};
		6B4B14B32EF17F310038405E /* XCLocalSwiftPackageReference "PlatformKit" */ = {
			isa = XCLocalSwiftPackageReference;
			relativePath = PlatformKit;
		};
/* End XCLocalSwiftPackageReference section */

/* Begin XCSwiftPackageProductDependency section */
		6B4B149E2EF13D6B0038405E /* AppViewModel */ = {
			isa = XCSwiftPackageProductDependency;
			productName = AppViewModel;
		};
		6B4B14AA2EF148270038405E /* AppView */ = {
			isa = XCSwiftPackageProductDependency;
			productName = AppView;
		};
		6B4B14B12EF14CD30038405E /* DomainRuntime */ = {
			isa = XCSwiftPackageProductDependency;
			package = 6B4B14AE2EF148360038405E /* XCLocalSwiftPackageReference "DomainKit/DomainRuntime" */;
			productName = DomainRuntime;
		};
		6B4B14B42EF17F310038405E /* PlatformKit.api */ = {
			isa = XCSwiftPackageProductDependency;
			productName = PlatformKit.api;
		};
		6B4B14B62EF17F310038405E /* PlatformKit.runtime */ = {
			isa = XCSwiftPackageProductDependency;
			productName = PlatformKit.runtime;
		};
/* End XCSwiftPackageProductDependency section */
	};
	rootObject = 6BE804CE2AB738E800DAF8B4 /* Project object */;
}
